// !$*UTF8*$!
{
	archiveVersion = 1;
	classes = {
	};
	objectVersion = 56;
	objects = {

/* Begin PBXBuildFile section */
		29188AC92BF1A564004D592B /* swift_calculatorApp.swift in Sources */ = {isa = PBXBuildFile; fileRef = 29188AC82BF1A564004D592B /* swift_calculatorApp.swift */; };
		29188ACB2BF1A564004D592B /* ContentView.swift in Sources */ = {isa = PBXBuildFile; fileRef = 29188ACA2BF1A564004D592B /* ContentView.swift */; };
		29188ACD2BF1A56A004D592B /* Assets.xcassets in Resources */ = {isa = PBXBuildFile; fileRef = 29188ACC2BF1A56A004D592B /* Assets.xcassets */; };
		29188AD02BF1A56A004D592B /* Preview Assets.xcassets in Resources */ = {isa = PBXBuildFile; fileRef = 29188ACF2BF1A56A004D592B /* Preview Assets.xcassets */; };
		29188ADB2BF1A56B004D592B /* swift_calculatorTests.swift in Sources */ = {isa = PBXBuildFile; fileRef = 29188ADA2BF1A56B004D592B /* swift_calculatorTests.swift */; };
		29188AE52BF1A56B004D592B /* swift_calculatorUITests.swift in Sources */ = {isa = PBXBuildFile; fileRef = 29188AE42BF1A56B004D592B /* swift_calculatorUITests.swift */; };
		29188AE72BF1A56B004D592B /* swift_calculatorUITestsLaunchTests.swift in Sources */ = {isa = PBXBuildFile; fileRef = 29188AE62BF1A56B004D592B /* swift_calculatorUITestsLaunchTests.swift */; };
/* End PBXBuildFile section */

/* Begin PBXContainerItemProxy section */
		29188AD72BF1A56B004D592B /* PBXContainerItemProxy */ = {
			isa = PBXContainerItemProxy;
			containerPortal = 29188ABD2BF1A564004D592B /* Project object */;
			proxyType = 1;
			remoteGlobalIDString = 29188AC42BF1A564004D592B;
			remoteInfo = swift_calculator;
		};
		29188AE12BF1A56B004D592B /* PBXContainerItemProxy */ = {
			isa = PBXContainerItemProxy;
			containerPortal = 29188ABD2BF1A564004D592B /* Project object */;
			proxyType = 1;
			remoteGlobalIDString = 29188AC42BF1A564004D592B;
			remoteInfo = swift_calculator;
		};
/* End PBXContainerItemProxy section */

/* Begin PBXFileReference section */
		29188AC52BF1A564004D592B /* swift_calculator.app */ = {isa = PBXFileReference; explicitFileType = wrapper.application; includeInIndex = 0; path = swift_calculator.app; sourceTree = BUILT_PRODUCTS_DIR; };
		29188AC82BF1A564004D592B /* swift_calculatorApp.swift */ = {isa = PBXFileReference; lastKnownFileType = sourcecode.swift; path = swift_calculatorApp.swift; sourceTree = "<group>"; };
		29188ACA2BF1A564004D592B /* ContentView.swift */ = {isa = PBXFileReference; lastKnownFileType = sourcecode.swift; path = ContentView.swift; sourceTree = "<group>"; };
		29188ACC2BF1A56A004D592B /* Assets.xcassets */ = {isa = PBXFileReference; lastKnownFileType = folder.assetcatalog; path = Assets.xcassets; sourceTree = "<group>"; };
		29188ACF2BF1A56A004D592B /* Preview Assets.xcassets */ = {isa = PBXFileReference; lastKnownFileType = folder.assetcatalog; path = "Preview Assets.xcassets"; sourceTree = "<group>"; };
		29188AD12BF1A56A004D592B /* swift_calculator.entitlements */ = {isa = PBXFileReference; lastKnownFileType = text.plist.entitlements; path = swift_calculator.entitlements; sourceTree = "<group>"; };
		29188AD62BF1A56B004D592B /* swift_calculatorTests.xctest */ = {isa = PBXFileReference; explicitFileType = wrapper.cfbundle; includeInIndex = 0; path = swift_calculatorTests.xctest; sourceTree = BUILT_PRODUCTS_DIR; };
		29188ADA2BF1A56B004D592B /* swift_calculatorTests.swift */ = {isa = PBXFileReference; lastKnownFileType = sourcecode.swift; path = swift_calculatorTests.swift; sourceTree = "<group>"; };
		29188AE02BF1A56B004D592B /* swift_calculatorUITests.xctest */ = {isa = PBXFileReference; explicitFileType = wrapper.cfbundle; includeInIndex = 0; path = swift_calculatorUITests.xctest; sourceTree = BUILT_PRODUCTS_DIR; };
		29188AE42BF1A56B004D592B /* swift_calculatorUITests.swift */ = {isa = PBXFileReference; lastKnownFileType = sourcecode.swift; path = swift_calculatorUITests.swift; sourceTree = "<group>"; };
		29188AE62BF1A56B004D592B /* swift_calculatorUITestsLaunchTests.swift */ = {isa = PBXFileReference; lastKnownFileType = sourcecode.swift; path = swift_calculatorUITestsLaunchTests.swift; sourceTree = "<group>"; };
/* End PBXFileReference section */

/* Begin PBXFrameworksBuildPhase section */
		29188AC22BF1A564004D592B /* Frameworks */ = {
			isa = PBXFrameworksBuildPhase;
			buildActionMask = 2147483647;
			files = (
			);
			runOnlyForDeploymentPostprocessing = 0;
		};
		29188AD32BF1A56B004D592B /* Frameworks */ = {
			isa = PBXFrameworksBuildPhase;
			buildActionMask = 2147483647;
			files = (
			);
			runOnlyForDeploymentPostprocessing = 0;
		};
		29188ADD2BF1A56B004D592B /* Frameworks */ = {
			isa = PBXFrameworksBuildPhase;
			buildActionMask = 2147483647;
			files = (
			);
			runOnlyForDeploymentPostprocessing = 0;
		};
/* End PBXFrameworksBuildPhase section */

/* Begin PBXGroup section */
		29188ABC2BF1A564004D592B = {
			isa = PBXGroup;
			children = (
				29188AC72BF1A564004D592B /* swift_calculator */,
				29188AD92BF1A56B004D592B /* swift_calculatorTests */,
				29188AE32BF1A56B004D592B /* swift_calculatorUITests */,
				29188AC62BF1A564004D592B /* Products */,
			);
			sourceTree = "<group>";
		};
		29188AC62BF1A564004D592B /* Products */ = {
			isa = PBXGroup;
			children = (
				29188AC52BF1A564004D592B /* swift_calculator.app */,
				29188AD62BF1A56B004D592B /* swift_calculatorTests.xctest */,
				29188AE02BF1A56B004D592B /* swift_calculatorUITests.xctest */,
			);
			name = Products;
			sourceTree = "<group>";
		};
		29188AC72BF1A564004D592B /* swift_calculator */ = {
			isa = PBXGroup;
			children = (
				29188AC82BF1A564004D592B /* swift_calculatorApp.swift */,
				29188ACA2BF1A564004D592B /* ContentView.swift */,
				29188ACC2BF1A56A004D592B /* Assets.xcassets */,
				29188AD12BF1A56A004D592B /* swift_calculator.entitlements */,
				29188ACE2BF1A56A004D592B /* Preview Content */,
			);
			path = swift_calculator;
			sourceTree = "<group>";
		};
		29188ACE2BF1A56A004D592B /* Preview Content */ = {
			isa = PBXGroup;
			children = (
				29188ACF2BF1A56A004D592B /* Preview Assets.xcassets */,
			);
			path = "Preview Content";
			sourceTree = "<group>";
		};
		29188AD92BF1A56B004D592B /* swift_calculatorTests */ = {
			isa = PBXGroup;
			children = (
				29188ADA2BF1A56B004D592B /* swift_calculatorTests.swift */,
			);
			path = swift_calculatorTests;
			sourceTree = "<group>";
		};
		29188AE32BF1A56B004D592B /* swift_calculatorUITests */ = {
			isa = PBXGroup;
			children = (
				29188AE42BF1A56B004D592B /* swift_calculatorUITests.swift */,
				29188AE62BF1A56B004D592B /* swift_calculatorUITestsLaunchTests.swift */,
			);
			path = swift_calculatorUITests;
			sourceTree = "<group>";
		};
/* End PBXGroup section */

/* Begin PBXNativeTarget section */
		29188AC42BF1A564004D592B /* swift_calculator */ = {
			isa = PBXNativeTarget;
			buildConfigurationList = 29188AEA2BF1A56B004D592B /* Build configuration list for PBXNativeTarget "swift_calculator" */;
			buildPhases = (
				29188AC12BF1A564004D592B /* Sources */,
				29188AC22BF1A564004D592B /* Frameworks */,
				29188AC32BF1A564004D592B /* Resources */,
			);
			buildRules = (
			);
			dependencies = (
			);
			name = swift_calculator;
			productName = swift_calculator;
			productReference = 29188AC52BF1A564004D592B /* swift_calculator.app */;
			productType = "com.apple.product-type.application";
		};
		29188AD52BF1A56B004D592B /* swift_calculatorTests */ = {
			isa = PBXNativeTarget;
			buildConfigurationList = 29188AED2BF1A56B004D592B /* Build configuration list for PBXNativeTarget "swift_calculatorTests" */;
			buildPhases = (
				29188AD22BF1A56B004D592B /* Sources */,
				29188AD32BF1A56B004D592B /* Frameworks */,
				29188AD42BF1A56B004D592B /* Resources */,
			);
			buildRules = (
			);
			dependencies = (
				29188AD82BF1A56B004D592B /* PBXTargetDependency */,
			);
			name = swift_calculatorTests;
			productName = swift_calculatorTests;
			productReference = 29188AD62BF1A56B004D592B /* swift_calculatorTests.xctest */;
			productType = "com.apple.product-type.bundle.unit-test";
		};
		29188ADF2BF1A56B004D592B /* swift_calculatorUITests */ = {
			isa = PBXNativeTarget;
			buildConfigurationList = 29188AF02BF1A56B004D592B /* Build configuration list for PBXNativeTarget "swift_calculatorUITests" */;
			buildPhases = (
				29188ADC2BF1A56B004D592B /* Sources */,
				29188ADD2BF1A56B004D592B /* Frameworks */,
				29188ADE2BF1A56B004D592B /* Resources */,
			);
			buildRules = (
			);
			dependencies = (
				29188AE22BF1A56B004D592B /* PBXTargetDependency */,
			);
			name = swift_calculatorUITests;
			productName = swift_calculatorUITests;
			productReference = 29188AE02BF1A56B004D592B /* swift_calculatorUITests.xctest */;
			productType = "com.apple.product-type.bundle.ui-testing";
		};
/* End PBXNativeTarget section */

/* Begin PBXProject section */
		29188ABD2BF1A564004D592B /* Project object */ = {
			isa = PBXProject;
			attributes = {
				BuildIndependentTargetsInParallel = 1;
				LastSwiftUpdateCheck = 1530;
				LastUpgradeCheck = 1530;
				TargetAttributes = {
					29188AC42BF1A564004D592B = {
						CreatedOnToolsVersion = 15.3;
					};
					29188AD52BF1A56B004D592B = {
						CreatedOnToolsVersion = 15.3;
						TestTargetID = 29188AC42BF1A564004D592B;
					};
					29188ADF2BF1A56B004D592B = {
						CreatedOnToolsVersion = 15.3;
						TestTargetID = 29188AC42BF1A564004D592B;
					};
				};
			};
			buildConfigurationList = 29188AC02BF1A564004D592B /* Build configuration list for PBXProject "swift_calculator" */;
			compatibilityVersion = "Xcode 14.0";
			developmentRegion = en;
			hasScannedForEncodings = 0;
			knownRegions = (
				en,
				Base,
			);
			mainGroup = 29188ABC2BF1A564004D592B;
			productRefGroup = 29188AC62BF1A564004D592B /* Products */;
			projectDirPath = "";
			projectRoot = "";
			targets = (
				29188AC42BF1A564004D592B /* swift_calculator */,
				29188AD52BF1A56B004D592B /* swift_calculatorTests */,
				29188ADF2BF1A56B004D592B /* swift_calculatorUITests */,
			);
		};
/* End PBXProject section */

/* Begin PBXResourcesBuildPhase section */
		29188AC32BF1A564004D592B /* Resources */ = {
			isa = PBXResourcesBuildPhase;
			buildActionMask = 2147483647;
			files = (
				29188AD02BF1A56A004D592B /* Preview Assets.xcassets in Resources */,
				29188ACD2BF1A56A004D592B /* Assets.xcassets in Resources */,
			);
			runOnlyForDeploymentPostprocessing = 0;
		};
		29188AD42BF1A56B004D592B /* Resources */ = {
			isa = PBXResourcesBuildPhase;
			buildActionMask = 2147483647;
			files = (
			);
			runOnlyForDeploymentPostprocessing = 0;
		};
		29188ADE2BF1A56B004D592B /* Resources */ = {
			isa = PBXResourcesBuildPhase;
			buildActionMask = 2147483647;
			files = (
			);
			runOnlyForDeploymentPostprocessing = 0;
		};
/* End PBXResourcesBuildPhase section */

/* Begin PBXSourcesBuildPhase section */
		29188AC12BF1A564004D592B /* Sources */ = {
			isa = PBXSourcesBuildPhase;
			buildActionMask = 2147483647;
			files = (
				29188ACB2BF1A564004D592B /* ContentView.swift in Sources */,
				29188AC92BF1A564004D592B /* swift_calculatorApp.swift in Sources */,
			);
			runOnlyForDeploymentPostprocessing = 0;
		};
		29188AD22BF1A56B004D592B /* Sources */ = {
			isa = PBXSourcesBuildPhase;
			buildActionMask = 2147483647;
			files = (
				29188ADB2BF1A56B004D592B /* swift_calculatorTests.swift in Sources */,
			);
			runOnlyForDeploymentPostprocessing = 0;
		};
		29188ADC2BF1A56B004D592B /* Sources */ = {
			isa = PBXSourcesBuildPhase;
			buildActionMask = 2147483647;
			files = (
				29188AE72BF1A56B004D592B /* swift_calculatorUITestsLaunchTests.swift in Sources */,
				29188AE52BF1A56B004D592B /* swift_calculatorUITests.swift in Sources */,
			);
			runOnlyForDeploymentPostprocessing = 0;
		};
/* End PBXSourcesBuildPhase section */

/* Begin PBXTargetDependency section */
		29188AD82BF1A56B004D592B /* PBXTargetDependency */ = {
			isa = PBXTargetDependency;
			target = 29188AC42BF1A564004D592B /* swift_calculator */;
			targetProxy = 29188AD72BF1A56B004D592B /* PBXContainerItemProxy */;
		};
		29188AE22BF1A56B004D592B /* PBXTargetDependency */ = {
			isa = PBXTargetDependency;
			target = 29188AC42BF1A564004D592B /* swift_calculator */;
			targetProxy = 29188AE12BF1A56B004D592B /* PBXContainerItemProxy */;
		};
/* End PBXTargetDependency section */

/* Begin XCBuildConfiguration section */
		29188AE82BF1A56B004D592B /* Debug */ = {
			isa = XCBuildConfiguration;
			buildSettings = {
				ALWAYS_SEARCH_USER_PATHS = NO;
				ASSETCATALOG_COMPILER_GENERATE_SWIFT_ASSET_SYMBOL_EXTENSIONS = YES;
				CLANG_ANALYZER_NONNULL = YES;
				CLANG_ANALYZER_NUMBER_OBJECT_CONVERSION = YES_AGGRESSIVE;
				CLANG_CXX_LANGUAGE_STANDARD = "gnu++20";
				CLANG_ENABLE_MODULES = YES;
				CLANG_ENABLE_OBJC_ARC = YES;
				CLANG_ENABLE_OBJC_WEAK = YES;
				CLANG_WARN_BLOCK_CAPTURE_AUTORELEASING = YES;
				CLANG_WARN_BOOL_CONVERSION = YES;
				CLANG_WARN_COMMA = YES;
				CLANG_WARN_CONSTANT_CONVERSION = YES;
				CLANG_WARN_DEPRECATED_OBJC_IMPLEMENTATIONS = YES;
				CLANG_WARN_DIRECT_OBJC_ISA_USAGE = YES_ERROR;
				CLANG_WARN_DOCUMENTATION_COMMENTS = YES;
				CLANG_WARN_EMPTY_BODY = YES;
				CLANG_WARN_ENUM_CONVERSION = YES;
				CLANG_WARN_INFINITE_RECURSION = YES;
				CLANG_WARN_INT_CONVERSION = YES;
				CLANG_WARN_NON_LITERAL_NULL_CONVERSION = YES;
				CLANG_WARN_OBJC_IMPLICIT_RETAIN_SELF = YES;
				CLANG_WARN_OBJC_LITERAL_CONVERSION = YES;
				CLANG_WARN_OBJC_ROOT_CLASS = YES_ERROR;
				CLANG_WARN_QUOTED_INCLUDE_IN_FRAMEWORK_HEADER = YES;
				CLANG_WARN_RANGE_LOOP_ANALYSIS = YES;
				CLANG_WARN_STRICT_PROTOTYPES = YES;
				CLANG_WARN_SUSPICIOUS_MOVE = YES;
				CLANG_WARN_UNGUARDED_AVAILABILITY = YES_AGGRESSIVE;
				CLANG_WARN_UNREACHABLE_CODE = YES;
				CLANG_WARN__DUPLICATE_METHOD_MATCH = YES;
				COPY_PHASE_STRIP = NO;
				DEBUG_INFORMATION_FORMAT = dwarf;
				ENABLE_STRICT_OBJC_MSGSEND = YES;
				ENABLE_TESTABILITY = YES;
				ENABLE_USER_SCRIPT_SANDBOXING = YES;
				GCC_C_LANGUAGE_STANDARD = gnu17;
				GCC_DYNAMIC_NO_PIC = NO;
				GCC_NO_COMMON_BLOCKS = YES;
				GCC_OPTIMIZATION_LEVEL = 0;
				GCC_PREPROCESSOR_DEFINITIONS = (
					"DEBUG=1",
					"$(inherited)",
				);
				GCC_WARN_64_TO_32_BIT_CONVERSION = YES;
				GCC_WARN_ABOUT_RETURN_TYPE = YES_ERROR;
				GCC_WARN_UNDECLARED_SELECTOR = YES;
				GCC_WARN_UNINITIALIZED_AUTOS = YES_AGGRESSIVE;
				GCC_WARN_UNUSED_FUNCTION = YES;
				GCC_WARN_UNUSED_VARIABLE = YES;
				LOCALIZATION_PREFERS_STRING_CATALOGS = YES;
				MACOSX_DEPLOYMENT_TARGET = 14.4;
				MTL_ENABLE_DEBUG_INFO = INCLUDE_SOURCE;
				MTL_FAST_MATH = YES;
				ONLY_ACTIVE_ARCH = YES;
				SDKROOT = macosx;
				SWIFT_ACTIVE_COMPILATION_CONDITIONS = "DEBUG $(inherited)";
				SWIFT_OPTIMIZATION_LEVEL = "-Onone";
			};
			name = Debug;
		};
		29188AE92BF1A56B004D592B /* Release */ = {
			isa = XCBuildConfiguration;
			buildSettings = {
				ALWAYS_SEARCH_USER_PATHS = NO;
				ASSETCATALOG_COMPILER_GENERATE_SWIFT_ASSET_SYMBOL_EXTENSIONS = YES;
				CLANG_ANALYZER_NONNULL = YES;
				CLANG_ANALYZER_NUMBER_OBJECT_CONVERSION = YES_AGGRESSIVE;
				CLANG_CXX_LANGUAGE_STANDARD = "gnu++20";
				CLANG_ENABLE_MODULES = YES;
				CLANG_ENABLE_OBJC_ARC = YES;
				CLANG_ENABLE_OBJC_WEAK = YES;
				CLANG_WARN_BLOCK_CAPTURE_AUTORELEASING = YES;
				CLANG_WARN_BOOL_CONVERSION = YES;
				CLANG_WARN_COMMA = YES;
				CLANG_WARN_CONSTANT_CONVERSION = YES;
				CLANG_WARN_DEPRECATED_OBJC_IMPLEMENTATIONS = YES;
				CLANG_WARN_DIRECT_OBJC_ISA_USAGE = YES_ERROR;
				CLANG_WARN_DOCUMENTATION_COMMENTS = YES;
				CLANG_WARN_EMPTY_BODY = YES;
				CLANG_WARN_ENUM_CONVERSION = YES;
				CLANG_WARN_INFINITE_RECURSION = YES;
				CLANG_WARN_INT_CONVERSION = YES;
				CLANG_WARN_NON_LITERAL_NULL_CONVERSION = YES;
				CLANG_WARN_OBJC_IMPLICIT_RETAIN_SELF = YES;
				CLANG_WARN_OBJC_LITERAL_CONVERSION = YES;
				CLANG_WARN_OBJC_ROOT_CLASS = YES_ERROR;
				CLANG_WARN_QUOTED_INCLUDE_IN_FRAMEWORK_HEADER = YES;
				CLANG_WARN_RANGE_LOOP_ANALYSIS = YES;
				CLANG_WARN_STRICT_PROTOTYPES = YES;
				CLANG_WARN_SUSPICIOUS_MOVE = YES;
				CLANG_WARN_UNGUARDED_AVAILABILITY = YES_AGGRESSIVE;
				CLANG_WARN_UNREACHABLE_CODE = YES;
				CLANG_WARN__DUPLICATE_METHOD_MATCH = YES;
				COPY_PHASE_STRIP = NO;
				DEBUG_INFORMATION_FORMAT = "dwarf-with-dsym";
				ENABLE_NS_ASSERTIONS = NO;
				ENABLE_STRICT_OBJC_MSGSEND = YES;
				ENABLE_USER_SCRIPT_SANDBOXING = YES;
				GCC_C_LANGUAGE_STANDARD = gnu17;
				GCC_NO_COMMON_BLOCKS = YES;
				GCC_WARN_64_TO_32_BIT_CONVERSION = YES;
				GCC_WARN_ABOUT_RETURN_TYPE = YES_ERROR;
				GCC_WARN_UNDECLARED_SELECTOR = YES;
				GCC_WARN_UNINITIALIZED_AUTOS = YES_AGGRESSIVE;
				GCC_WARN_UNUSED_FUNCTION = YES;
				GCC_WARN_UNUSED_VARIABLE = YES;
				LOCALIZATION_PREFERS_STRING_CATALOGS = YES;
				MACOSX_DEPLOYMENT_TARGET = 14.4;
				MTL_ENABLE_DEBUG_INFO = NO;
				MTL_FAST_MATH = YES;
				SDKROOT = macosx;
				SWIFT_COMPILATION_MODE = wholemodule;
			};
			name = Release;
		};
		29188AEB2BF1A56B004D592B /* Debug */ = {
			isa = XCBuildConfiguration;
			buildSettings = {
				ASSETCATALOG_COMPILER_APPICON_NAME = AppIcon;
				ASSETCATALOG_COMPILER_GLOBAL_ACCENT_COLOR_NAME = AccentColor;
				CODE_SIGN_ENTITLEMENTS = swift_calculator/swift_calculator.entitlements;
				CODE_SIGN_STYLE = Automatic;
				COMBINE_HIDPI_IMAGES = YES;
				CURRENT_PROJECT_VERSION = 1;
				DEVELOPMENT_ASSET_PATHS = "\"swift_calculator/Preview Content\"";
				ENABLE_PREVIEWS = YES;
				GENERATE_INFOPLIST_FILE = YES;
				INFOPLIST_KEY_NSHumanReadableCopyright = "";
				LD_RUNPATH_SEARCH_PATHS = (
					"$(inherited)",
					"@executable_path/../Frameworks",
				);
				MARKETING_VERSION = 1.0;
				PRODUCT_BUNDLE_IDENTIFIER = "trotopype.swift-calculator";
				PRODUCT_NAME = "$(TARGET_NAME)";
				SWIFT_EMIT_LOC_STRINGS = YES;
				SWIFT_VERSION = 5.0;
			};
			name = Debug;
		};
		29188AEC2BF1A56B004D592B /* Release */ = {
			isa = XCBuildConfiguration;
			buildSettings = {
				ASSETCATALOG_COMPILER_APPICON_NAME = AppIcon;
				ASSETCATALOG_COMPILER_GLOBAL_ACCENT_COLOR_NAME = AccentColor;
				CODE_SIGN_ENTITLEMENTS = swift_calculator/swift_calculator.entitlements;
				CODE_SIGN_STYLE = Automatic;
				COMBINE_HIDPI_IMAGES = YES;
				CURRENT_PROJECT_VERSION = 1;
				DEVELOPMENT_ASSET_PATHS = "\"swift_calculator/Preview Content\"";
				ENABLE_PREVIEWS = YES;
				GENERATE_INFOPLIST_FILE = YES;
				INFOPLIST_KEY_NSHumanReadableCopyright = "";
				LD_RUNPATH_SEARCH_PATHS = (
					"$(inherited)",
					"@executable_path/../Frameworks",
				);
				MARKETING_VERSION = 1.0;
				PRODUCT_BUNDLE_IDENTIFIER = "trotopype.swift-calculator";
				PRODUCT_NAME = "$(TARGET_NAME)";
				SWIFT_EMIT_LOC_STRINGS = YES;
				SWIFT_VERSION = 5.0;
			};
			name = Release;
		};
		29188AEE2BF1A56B004D592B /* Debug */ = {
			isa = XCBuildConfiguration;
			buildSettings = {
				ALWAYS_EMBED_SWIFT_STANDARD_LIBRARIES = YES;
				BUNDLE_LOADER = "$(TEST_HOST)";
				CODE_SIGN_STYLE = Automatic;
				CURRENT_PROJECT_VERSION = 1;
				GENERATE_INFOPLIST_FILE = YES;
				MACOSX_DEPLOYMENT_TARGET = 14.4;
				MARKETING_VERSION = 1.0;
				PRODUCT_BUNDLE_IDENTIFIER = "trotopype.swift-calculatorTests";
				PRODUCT_NAME = "$(TARGET_NAME)";
				SWIFT_EMIT_LOC_STRINGS = NO;
				SWIFT_VERSION = 5.0;
				TEST_HOST = "$(BUILT_PRODUCTS_DIR)/swift_calculator.app/$(BUNDLE_EXECUTABLE_FOLDER_PATH)/swift_calculator";
			};
			name = Debug;
		};
		29188AEF2BF1A56B004D592B /* Release */ = {
			isa = XCBuildConfiguration;
			buildSettings = {
				ALWAYS_EMBED_SWIFT_STANDARD_LIBRARIES = YES;
				BUNDLE_LOADER = "$(TEST_HOST)";
				CODE_SIGN_STYLE = Automatic;
				CURRENT_PROJECT_VERSION = 1;
				GENERATE_INFOPLIST_FILE = YES;
				MACOSX_DEPLOYMENT_TARGET = 14.4;
				MARKETING_VERSION = 1.0;
				PRODUCT_BUNDLE_IDENTIFIER = "trotopype.swift-calculatorTests";
				PRODUCT_NAME = "$(TARGET_NAME)";
				SWIFT_EMIT_LOC_STRINGS = NO;
				SWIFT_VERSION = 5.0;
				TEST_HOST = "$(BUILT_PRODUCTS_DIR)/swift_calculator.app/$(BUNDLE_EXECUTABLE_FOLDER_PATH)/swift_calculator";
			};
			name = Release;
		};
		29188AF12BF1A56B004D592B /* Debug */ = {
			isa = XCBuildConfiguration;
			buildSettings = {
				ALWAYS_EMBED_SWIFT_STANDARD_LIBRARIES = YES;
				CODE_SIGN_STYLE = Automatic;
				CURRENT_PROJECT_VERSION = 1;
				GENERATE_INFOPLIST_FILE = YES;
				MARKETING_VERSION = 1.0;
				PRODUCT_BUNDLE_IDENTIFIER = "trotopype.swift-calculatorUITests";
				PRODUCT_NAME = "$(TARGET_NAME)";
				SWIFT_EMIT_LOC_STRINGS = NO;
				SWIFT_VERSION = 5.0;
				TEST_TARGET_NAME = swift_calculator;
			};
			name = Debug;
		};
		29188AF22BF1A56B004D592B /* Release */ = {
			isa = XCBuildConfiguration;
			buildSettings = {
				ALWAYS_EMBED_SWIFT_STANDARD_LIBRARIES = YES;
				CODE_SIGN_STYLE = Automatic;
				CURRENT_PROJECT_VERSION = 1;
				GENERATE_INFOPLIST_FILE = YES;
				MARKETING_VERSION = 1.0;
				PRODUCT_BUNDLE_IDENTIFIER = "trotopype.swift-calculatorUITests";
				PRODUCT_NAME = "$(TARGET_NAME)";
				SWIFT_EMIT_LOC_STRINGS = NO;
				SWIFT_VERSION = 5.0;
				TEST_TARGET_NAME = swift_calculator;
			};
			name = Release;
		};
/* End XCBuildConfiguration section */

/* Begin XCConfigurationList section */
		29188AC02BF1A564004D592B /* Build configuration list for PBXProject "swift_calculator" */ = {
			isa = XCConfigurationList;
			buildConfigurations = (
				29188AE82BF1A56B004D592B /* Debug */,
				29188AE92BF1A56B004D592B /* Release */,
			);
			defaultConfigurationIsVisible = 0;
			defaultConfigurationName = Release;
		};
		29188AEA2BF1A56B004D592B /* Build configuration list for PBXNativeTarget "swift_calculator" */ = {
			isa = XCConfigurationList;
			buildConfigurations = (
				29188AEB2BF1A56B004D592B /* Debug */,
				29188AEC2BF1A56B004D592B /* Release */,
			);
			defaultConfigurationIsVisible = 0;
			defaultConfigurationName = Release;
		};
		29188AED2BF1A56B004D592B /* Build configuration list for PBXNativeTarget "swift_calculatorTests" */ = {
			isa = XCConfigurationList;
			buildConfigurations = (
				29188AEE2BF1A56B004D592B /* Debug */,
				29188AEF2BF1A56B004D592B /* Release */,
			);
			defaultConfigurationIsVisible = 0;
			defaultConfigurationName = Release;
		};
		29188AF02BF1A56B004D592B /* Build configuration list for PBXNativeTarget "swift_calculatorUITests" */ = {
			isa = XCConfigurationList;
			buildConfigurations = (
				29188AF12BF1A56B004D592B /* Debug */,
				29188AF22BF1A56B004D592B /* Release */,
			);
			defaultConfigurationIsVisible = 0;
			defaultConfigurationName = Release;
		};
/* End XCConfigurationList section */
	};
	rootObject = 29188ABD2BF1A564004D592B /* Project object */;
}
