// !$*UTF8*$!
{
	archiveVersion = 1;
	classes = {
	};
	objectVersion = 56;
	objects = {

/* Begin PBXBuildFile section */
		29188A922BF1A1DD004D592B /* add_subtract_calcApp.swift in Sources */ = {isa = PBXBuildFile; fileRef = 29188A912BF1A1DD004D592B /* add_subtract_calcApp.swift */; };
		29188A942BF1A1DD004D592B /* ContentView.swift in Sources */ = {isa = PBXBuildFile; fileRef = 29188A932BF1A1DD004D592B /* ContentView.swift */; };
		29188A962BF1A1E5004D592B /* Assets.xcassets in Resources */ = {isa = PBXBuildFile; fileRef = 29188A952BF1A1E5004D592B /* Assets.xcassets */; };
		29188A992BF1A1E5004D592B /* Preview Assets.xcassets in Resources */ = {isa = PBXBuildFile; fileRef = 29188A982BF1A1E5004D592B /* Preview Assets.xcassets */; };
		29188AA42BF1A1E6004D592B /* add_subtract_calcTests.swift in Sources */ = {isa = PBXBuildFile; fileRef = 29188AA32BF1A1E6004D592B /* add_subtract_calcTests.swift */; };
		29188AAE2BF1A1E6004D592B /* add_subtract_calcUITests.swift in Sources */ = {isa = PBXBuildFile; fileRef = 29188AAD2BF1A1E6004D592B /* add_subtract_calcUITests.swift */; };
		29188AB02BF1A1E6004D592B /* add_subtract_calcUITestsLaunchTests.swift in Sources */ = {isa = PBXBuildFile; fileRef = 29188AAF2BF1A1E6004D592B /* add_subtract_calcUITestsLaunchTests.swift */; };
/* End PBXBuildFile section */

/* Begin PBXContainerItemProxy section */
		29188AA02BF1A1E5004D592B /* PBXContainerItemProxy */ = {
			isa = PBXContainerItemProxy;
			containerPortal = 29188A862BF1A1DD004D592B /* Project object */;
			proxyType = 1;
			remoteGlobalIDString = 29188A8D2BF1A1DD004D592B;
			remoteInfo = add_subtract_calc;
		};
		29188AAA2BF1A1E6004D592B /* PBXContainerItemProxy */ = {
			isa = PBXContainerItemProxy;
			containerPortal = 29188A862BF1A1DD004D592B /* Project object */;
			proxyType = 1;
			remoteGlobalIDString = 29188A8D2BF1A1DD004D592B;
			remoteInfo = add_subtract_calc;
		};
/* End PBXContainerItemProxy section */

/* Begin PBXFileReference section */
		29188A8E2BF1A1DD004D592B /* add_subtract_calc.app */ = {isa = PBXFileReference; explicitFileType = wrapper.application; includeInIndex = 0; path = add_subtract_calc.app; sourceTree = BUILT_PRODUCTS_DIR; };
		29188A912BF1A1DD004D592B /* add_subtract_calcApp.swift */ = {isa = PBXFileReference; lastKnownFileType = sourcecode.swift; path = add_subtract_calcApp.swift; sourceTree = "<group>"; };
		29188A932BF1A1DD004D592B /* ContentView.swift */ = {isa = PBXFileReference; lastKnownFileType = sourcecode.swift; path = ContentView.swift; sourceTree = "<group>"; };
		29188A952BF1A1E5004D592B /* Assets.xcassets */ = {isa = PBXFileReference; lastKnownFileType = folder.assetcatalog; path = Assets.xcassets; sourceTree = "<group>"; };
		29188A982BF1A1E5004D592B /* Preview Assets.xcassets */ = {isa = PBXFileReference; lastKnownFileType = folder.assetcatalog; path = "Preview Assets.xcassets"; sourceTree = "<group>"; };
		29188A9A2BF1A1E5004D592B /* add_subtract_calc.entitlements */ = {isa = PBXFileReference; lastKnownFileType = text.plist.entitlements; path = add_subtract_calc.entitlements; sourceTree = "<group>"; };
		29188A9F2BF1A1E5004D592B /* add_subtract_calcTests.xctest */ = {isa = PBXFileReference; explicitFileType = wrapper.cfbundle; includeInIndex = 0; path = add_subtract_calcTests.xctest; sourceTree = BUILT_PRODUCTS_DIR; };
		29188AA32BF1A1E6004D592B /* add_subtract_calcTests.swift */ = {isa = PBXFileReference; lastKnownFileType = sourcecode.swift; path = add_subtract_calcTests.swift; sourceTree = "<group>"; };
		29188AA92BF1A1E6004D592B /* add_subtract_calcUITests.xctest */ = {isa = PBXFileReference; explicitFileType = wrapper.cfbundle; includeInIndex = 0; path = add_subtract_calcUITests.xctest; sourceTree = BUILT_PRODUCTS_DIR; };
		29188AAD2BF1A1E6004D592B /* add_subtract_calcUITests.swift */ = {isa = PBXFileReference; lastKnownFileType = sourcecode.swift; path = add_subtract_calcUITests.swift; sourceTree = "<group>"; };
		29188AAF2BF1A1E6004D592B /* add_subtract_calcUITestsLaunchTests.swift */ = {isa = PBXFileReference; lastKnownFileType = sourcecode.swift; path = add_subtract_calcUITestsLaunchTests.swift; sourceTree = "<group>"; };
/* End PBXFileReference section */

/* Begin PBXFrameworksBuildPhase section */
		29188A8B2BF1A1DD004D592B /* Frameworks */ = {
			isa = PBXFrameworksBuildPhase;
			buildActionMask = 2147483647;
			files = (
			);
			runOnlyForDeploymentPostprocessing = 0;
		};
		29188A9C2BF1A1E5004D592B /* Frameworks */ = {
			isa = PBXFrameworksBuildPhase;
			buildActionMask = 2147483647;
			files = (
			);
			runOnlyForDeploymentPostprocessing = 0;
		};
		29188AA62BF1A1E6004D592B /* Frameworks */ = {
			isa = PBXFrameworksBuildPhase;
			buildActionMask = 2147483647;
			files = (
			);
			runOnlyForDeploymentPostprocessing = 0;
		};
/* End PBXFrameworksBuildPhase section */

/* Begin PBXGroup section */
		29188A852BF1A1DD004D592B = {
			isa = PBXGroup;
			children = (
				29188A902BF1A1DD004D592B /* add_subtract_calc */,
				29188AA22BF1A1E6004D592B /* add_subtract_calcTests */,
				29188AAC2BF1A1E6004D592B /* add_subtract_calcUITests */,
				29188A8F2BF1A1DD004D592B /* Products */,
			);
			sourceTree = "<group>";
		};
		29188A8F2BF1A1DD004D592B /* Products */ = {
			isa = PBXGroup;
			children = (
				29188A8E2BF1A1DD004D592B /* add_subtract_calc.app */,
				29188A9F2BF1A1E5004D592B /* add_subtract_calcTests.xctest */,
				29188AA92BF1A1E6004D592B /* add_subtract_calcUITests.xctest */,
			);
			name = Products;
			sourceTree = "<group>";
		};
		29188A902BF1A1DD004D592B /* add_subtract_calc */ = {
			isa = PBXGroup;
			children = (
				29188A912BF1A1DD004D592B /* add_subtract_calcApp.swift */,
				29188A932BF1A1DD004D592B /* ContentView.swift */,
				29188A952BF1A1E5004D592B /* Assets.xcassets */,
				29188A9A2BF1A1E5004D592B /* add_subtract_calc.entitlements */,
				29188A972BF1A1E5004D592B /* Preview Content */,
			);
			path = add_subtract_calc;
			sourceTree = "<group>";
		};
		29188A972BF1A1E5004D592B /* Preview Content */ = {
			isa = PBXGroup;
			children = (
				29188A982BF1A1E5004D592B /* Preview Assets.xcassets */,
			);
			path = "Preview Content";
			sourceTree = "<group>";
		};
		29188AA22BF1A1E6004D592B /* add_subtract_calcTests */ = {
			isa = PBXGroup;
			children = (
				29188AA32BF1A1E6004D592B /* add_subtract_calcTests.swift */,
			);
			path = add_subtract_calcTests;
			sourceTree = "<group>";
		};
		29188AAC2BF1A1E6004D592B /* add_subtract_calcUITests */ = {
			isa = PBXGroup;
			children = (
				29188AAD2BF1A1E6004D592B /* add_subtract_calcUITests.swift */,
				29188AAF2BF1A1E6004D592B /* add_subtract_calcUITestsLaunchTests.swift */,
			);
			path = add_subtract_calcUITests;
			sourceTree = "<group>";
		};
/* End PBXGroup section */

/* Begin PBXNativeTarget section */
		29188A8D2BF1A1DD004D592B /* add_subtract_calc */ = {
			isa = PBXNativeTarget;
			buildConfigurationList = 29188AB32BF1A1E6004D592B /* Build configuration list for PBXNativeTarget "add_subtract_calc" */;
			buildPhases = (
				29188A8A2BF1A1DD004D592B /* Sources */,
				29188A8B2BF1A1DD004D592B /* Frameworks */,
				29188A8C2BF1A1DD004D592B /* Resources */,
			);
			buildRules = (
			);
			dependencies = (
			);
			name = add_subtract_calc;
			productName = add_subtract_calc;
			productReference = 29188A8E2BF1A1DD004D592B /* add_subtract_calc.app */;
			productType = "com.apple.product-type.application";
		};
		29188A9E2BF1A1E5004D592B /* add_subtract_calcTests */ = {
			isa = PBXNativeTarget;
			buildConfigurationList = 29188AB62BF1A1E6004D592B /* Build configuration list for PBXNativeTarget "add_subtract_calcTests" */;
			buildPhases = (
				29188A9B2BF1A1E5004D592B /* Sources */,
				29188A9C2BF1A1E5004D592B /* Frameworks */,
				29188A9D2BF1A1E5004D592B /* Resources */,
			);
			buildRules = (
			);
			dependencies = (
				29188AA12BF1A1E5004D592B /* PBXTargetDependency */,
			);
			name = add_subtract_calcTests;
			productName = add_subtract_calcTests;
			productReference = 29188A9F2BF1A1E5004D592B /* add_subtract_calcTests.xctest */;
			productType = "com.apple.product-type.bundle.unit-test";
		};
		29188AA82BF1A1E6004D592B /* add_subtract_calcUITests */ = {
			isa = PBXNativeTarget;
			buildConfigurationList = 29188AB92BF1A1E6004D592B /* Build configuration list for PBXNativeTarget "add_subtract_calcUITests" */;
			buildPhases = (
				29188AA52BF1A1E6004D592B /* Sources */,
				29188AA62BF1A1E6004D592B /* Frameworks */,
				29188AA72BF1A1E6004D592B /* Resources */,
			);
			buildRules = (
			);
			dependencies = (
				29188AAB2BF1A1E6004D592B /* PBXTargetDependency */,
			);
			name = add_subtract_calcUITests;
			productName = add_subtract_calcUITests;
			productReference = 29188AA92BF1A1E6004D592B /* add_subtract_calcUITests.xctest */;
			productType = "com.apple.product-type.bundle.ui-testing";
		};
/* End PBXNativeTarget section */

/* Begin PBXProject section */
		29188A862BF1A1DD004D592B /* Project object */ = {
			isa = PBXProject;
			attributes = {
				BuildIndependentTargetsInParallel = 1;
				LastSwiftUpdateCheck = 1530;
				LastUpgradeCheck = 1530;
				TargetAttributes = {
					29188A8D2BF1A1DD004D592B = {
						CreatedOnToolsVersion = 15.3;
					};
					29188A9E2BF1A1E5004D592B = {
						CreatedOnToolsVersion = 15.3;
						TestTargetID = 29188A8D2BF1A1DD004D592B;
					};
					29188AA82BF1A1E6004D592B = {
						CreatedOnToolsVersion = 15.3;
						TestTargetID = 29188A8D2BF1A1DD004D592B;
					};
				};
			};
			buildConfigurationList = 29188A892BF1A1DD004D592B /* Build configuration list for PBXProject "add_subtract_calc" */;
			compatibilityVersion = "Xcode 14.0";
			developmentRegion = en;
			hasScannedForEncodings = 0;
			knownRegions = (
				en,
				Base,
			);
			mainGroup = 29188A852BF1A1DD004D592B;
			productRefGroup = 29188A8F2BF1A1DD004D592B /* Products */;
			projectDirPath = "";
			projectRoot = "";
			targets = (
				29188A8D2BF1A1DD004D592B /* add_subtract_calc */,
				29188A9E2BF1A1E5004D592B /* add_subtract_calcTests */,
				29188AA82BF1A1E6004D592B /* add_subtract_calcUITests */,
			);
		};
/* End PBXProject section */

/* Begin PBXResourcesBuildPhase section */
		29188A8C2BF1A1DD004D592B /* Resources */ = {
			isa = PBXResourcesBuildPhase;
			buildActionMask = 2147483647;
			files = (
				29188A992BF1A1E5004D592B /* Preview Assets.xcassets in Resources */,
				29188A962BF1A1E5004D592B /* Assets.xcassets in Resources */,
			);
			runOnlyForDeploymentPostprocessing = 0;
		};
		29188A9D2BF1A1E5004D592B /* Resources */ = {
			isa = PBXResourcesBuildPhase;
			buildActionMask = 2147483647;
			files = (
			);
			runOnlyForDeploymentPostprocessing = 0;
		};
		29188AA72BF1A1E6004D592B /* Resources */ = {
			isa = PBXResourcesBuildPhase;
			buildActionMask = 2147483647;
			files = (
			);
			runOnlyForDeploymentPostprocessing = 0;
		};
/* End PBXResourcesBuildPhase section */

/* Begin PBXSourcesBuildPhase section */
		29188A8A2BF1A1DD004D592B /* Sources */ = {
			isa = PBXSourcesBuildPhase;
			buildActionMask = 2147483647;
			files = (
				29188A942BF1A1DD004D592B /* ContentView.swift in Sources */,
				29188A922BF1A1DD004D592B /* add_subtract_calcApp.swift in Sources */,
			);
			runOnlyForDeploymentPostprocessing = 0;
		};
		29188A9B2BF1A1E5004D592B /* Sources */ = {
			isa = PBXSourcesBuildPhase;
			buildActionMask = 2147483647;
			files = (
				29188AA42BF1A1E6004D592B /* add_subtract_calcTests.swift in Sources */,
			);
			runOnlyForDeploymentPostprocessing = 0;
		};
		29188AA52BF1A1E6004D592B /* Sources */ = {
			isa = PBXSourcesBuildPhase;
			buildActionMask = 2147483647;
			files = (
				29188AAE2BF1A1E6004D592B /* add_subtract_calcUITests.swift in Sources */,
				29188AB02BF1A1E6004D592B /* add_subtract_calcUITestsLaunchTests.swift in Sources */,
			);
			runOnlyForDeploymentPostprocessing = 0;
		};
/* End PBXSourcesBuildPhase section */

/* Begin PBXTargetDependency section */
		29188AA12BF1A1E5004D592B /* PBXTargetDependency */ = {
			isa = PBXTargetDependency;
			target = 29188A8D2BF1A1DD004D592B /* add_subtract_calc */;
			targetProxy = 29188AA02BF1A1E5004D592B /* PBXContainerItemProxy */;
		};
		29188AAB2BF1A1E6004D592B /* PBXTargetDependency */ = {
			isa = PBXTargetDependency;
			target = 29188A8D2BF1A1DD004D592B /* add_subtract_calc */;
			targetProxy = 29188AAA2BF1A1E6004D592B /* PBXContainerItemProxy */;
		};
/* End PBXTargetDependency section */

/* Begin XCBuildConfiguration section */
		29188AB12BF1A1E6004D592B /* Debug */ = {
			isa = XCBuildConfiguration;
			buildSettings = {
				ALWAYS_SEARCH_USER_PATHS = NO;
				ASSETCATALOG_COMPILER_GENERATE_SWIFT_ASSET_SYMBOL_EXTENSIONS = YES;
				CLANG_ANALYZER_NONNULL = YES;
				CLANG_ANALYZER_NUMBER_OBJECT_CONVERSION = YES_AGGRESSIVE;
				CLANG_CXX_LANGUAGE_STANDARD = "gnu++20";
				CLANG_ENABLE_MODULES = YES;
				CLANG_ENABLE_OBJC_ARC = YES;
				CLANG_ENABLE_OBJC_WEAK = YES;
				CLANG_WARN_BLOCK_CAPTURE_AUTORELEASING = YES;
				CLANG_WARN_BOOL_CONVERSION = YES;
				CLANG_WARN_COMMA = YES;
				CLANG_WARN_CONSTANT_CONVERSION = YES;
				CLANG_WARN_DEPRECATED_OBJC_IMPLEMENTATIONS = YES;
				CLANG_WARN_DIRECT_OBJC_ISA_USAGE = YES_ERROR;
				CLANG_WARN_DOCUMENTATION_COMMENTS = YES;
				CLANG_WARN_EMPTY_BODY = YES;
				CLANG_WARN_ENUM_CONVERSION = YES;
				CLANG_WARN_INFINITE_RECURSION = YES;
				CLANG_WARN_INT_CONVERSION = YES;
				CLANG_WARN_NON_LITERAL_NULL_CONVERSION = YES;
				CLANG_WARN_OBJC_IMPLICIT_RETAIN_SELF = YES;
				CLANG_WARN_OBJC_LITERAL_CONVERSION = YES;
				CLANG_WARN_OBJC_ROOT_CLASS = YES_ERROR;
				CLANG_WARN_QUOTED_INCLUDE_IN_FRAMEWORK_HEADER = YES;
				CLANG_WARN_RANGE_LOOP_ANALYSIS = YES;
				CLANG_WARN_STRICT_PROTOTYPES = YES;
				CLANG_WARN_SUSPICIOUS_MOVE = YES;
				CLANG_WARN_UNGUARDED_AVAILABILITY = YES_AGGRESSIVE;
				CLANG_WARN_UNREACHABLE_CODE = YES;
				CLANG_WARN__DUPLICATE_METHOD_MATCH = YES;
				COPY_PHASE_STRIP = NO;
				DEBUG_INFORMATION_FORMAT = dwarf;
				ENABLE_STRICT_OBJC_MSGSEND = YES;
				ENABLE_TESTABILITY = YES;
				ENABLE_USER_SCRIPT_SANDBOXING = YES;
				GCC_C_LANGUAGE_STANDARD = gnu17;
				GCC_DYNAMIC_NO_PIC = NO;
				GCC_NO_COMMON_BLOCKS = YES;
				GCC_OPTIMIZATION_LEVEL = 0;
				GCC_PREPROCESSOR_DEFINITIONS = (
					"DEBUG=1",
					"$(inherited)",
				);
				GCC_WARN_64_TO_32_BIT_CONVERSION = YES;
				GCC_WARN_ABOUT_RETURN_TYPE = YES_ERROR;
				GCC_WARN_UNDECLARED_SELECTOR = YES;
				GCC_WARN_UNINITIALIZED_AUTOS = YES_AGGRESSIVE;
				GCC_WARN_UNUSED_FUNCTION = YES;
				GCC_WARN_UNUSED_VARIABLE = YES;
				LOCALIZATION_PREFERS_STRING_CATALOGS = YES;
				MACOSX_DEPLOYMENT_TARGET = 14.4;
				MTL_ENABLE_DEBUG_INFO = INCLUDE_SOURCE;
				MTL_FAST_MATH = YES;
				ONLY_ACTIVE_ARCH = YES;
				SDKROOT = macosx;
				SWIFT_ACTIVE_COMPILATION_CONDITIONS = "DEBUG $(inherited)";
				SWIFT_OPTIMIZATION_LEVEL = "-Onone";
			};
			name = Debug;
		};
		29188AB22BF1A1E6004D592B /* Release */ = {
			isa = XCBuildConfiguration;
			buildSettings = {
				ALWAYS_SEARCH_USER_PATHS = NO;
				ASSETCATALOG_COMPILER_GENERATE_SWIFT_ASSET_SYMBOL_EXTENSIONS = YES;
				CLANG_ANALYZER_NONNULL = YES;
				CLANG_ANALYZER_NUMBER_OBJECT_CONVERSION = YES_AGGRESSIVE;
				CLANG_CXX_LANGUAGE_STANDARD = "gnu++20";
				CLANG_ENABLE_MODULES = YES;
				CLANG_ENABLE_OBJC_ARC = YES;
				CLANG_ENABLE_OBJC_WEAK = YES;
				CLANG_WARN_BLOCK_CAPTURE_AUTORELEASING = YES;
				CLANG_WARN_BOOL_CONVERSION = YES;
				CLANG_WARN_COMMA = YES;
				CLANG_WARN_CONSTANT_CONVERSION = YES;
				CLANG_WARN_DEPRECATED_OBJC_IMPLEMENTATIONS = YES;
				CLANG_WARN_DIRECT_OBJC_ISA_USAGE = YES_ERROR;
				CLANG_WARN_DOCUMENTATION_COMMENTS = YES;
				CLANG_WARN_EMPTY_BODY = YES;
				CLANG_WARN_ENUM_CONVERSION = YES;
				CLANG_WARN_INFINITE_RECURSION = YES;
				CLANG_WARN_INT_CONVERSION = YES;
				CLANG_WARN_NON_LITERAL_NULL_CONVERSION = YES;
				CLANG_WARN_OBJC_IMPLICIT_RETAIN_SELF = YES;
				CLANG_WARN_OBJC_LITERAL_CONVERSION = YES;
				CLANG_WARN_OBJC_ROOT_CLASS = YES_ERROR;
				CLANG_WARN_QUOTED_INCLUDE_IN_FRAMEWORK_HEADER = YES;
				CLANG_WARN_RANGE_LOOP_ANALYSIS = YES;
				CLANG_WARN_STRICT_PROTOTYPES = YES;
				CLANG_WARN_SUSPICIOUS_MOVE = YES;
				CLANG_WARN_UNGUARDED_AVAILABILITY = YES_AGGRESSIVE;
				CLANG_WARN_UNREACHABLE_CODE = YES;
				CLANG_WARN__DUPLICATE_METHOD_MATCH = YES;
				COPY_PHASE_STRIP = NO;
				DEBUG_INFORMATION_FORMAT = "dwarf-with-dsym";
				ENABLE_NS_ASSERTIONS = NO;
				ENABLE_STRICT_OBJC_MSGSEND = YES;
				ENABLE_USER_SCRIPT_SANDBOXING = YES;
				GCC_C_LANGUAGE_STANDARD = gnu17;
				GCC_NO_COMMON_BLOCKS = YES;
				GCC_WARN_64_TO_32_BIT_CONVERSION = YES;
				GCC_WARN_ABOUT_RETURN_TYPE = YES_ERROR;
				GCC_WARN_UNDECLARED_SELECTOR = YES;
				GCC_WARN_UNINITIALIZED_AUTOS = YES_AGGRESSIVE;
				GCC_WARN_UNUSED_FUNCTION = YES;
				GCC_WARN_UNUSED_VARIABLE = YES;
				LOCALIZATION_PREFERS_STRING_CATALOGS = YES;
				MACOSX_DEPLOYMENT_TARGET = 14.4;
				MTL_ENABLE_DEBUG_INFO = NO;
				MTL_FAST_MATH = YES;
				SDKROOT = macosx;
				SWIFT_COMPILATION_MODE = wholemodule;
			};
			name = Release;
		};
		29188AB42BF1A1E6004D592B /* Debug */ = {
			isa = XCBuildConfiguration;
			buildSettings = {
				ASSETCATALOG_COMPILER_APPICON_NAME = AppIcon;
				ASSETCATALOG_COMPILER_GLOBAL_ACCENT_COLOR_NAME = AccentColor;
				CODE_SIGN_ENTITLEMENTS = add_subtract_calc/add_subtract_calc.entitlements;
				CODE_SIGN_STYLE = Automatic;
				COMBINE_HIDPI_IMAGES = YES;
				CURRENT_PROJECT_VERSION = 1;
				DEVELOPMENT_ASSET_PATHS = "\"add_subtract_calc/Preview Content\"";
				ENABLE_PREVIEWS = YES;
				GENERATE_INFOPLIST_FILE = YES;
				INFOPLIST_KEY_NSHumanReadableCopyright = "";
				LD_RUNPATH_SEARCH_PATHS = (
					"$(inherited)",
					"@executable_path/../Frameworks",
				);
				MARKETING_VERSION = 1.0;
				PRODUCT_BUNDLE_IDENTIFIER = "trotopype.add-subtract-calc";
				PRODUCT_NAME = "$(TARGET_NAME)";
				SWIFT_EMIT_LOC_STRINGS = YES;
				SWIFT_VERSION = 5.0;
			};
			name = Debug;
		};
		29188AB52BF1A1E6004D592B /* Release */ = {
			isa = XCBuildConfiguration;
			buildSettings = {
				ASSETCATALOG_COMPILER_APPICON_NAME = AppIcon;
				ASSETCATALOG_COMPILER_GLOBAL_ACCENT_COLOR_NAME = AccentColor;
				CODE_SIGN_ENTITLEMENTS = add_subtract_calc/add_subtract_calc.entitlements;
				CODE_SIGN_STYLE = Automatic;
				COMBINE_HIDPI_IMAGES = YES;
				CURRENT_PROJECT_VERSION = 1;
				DEVELOPMENT_ASSET_PATHS = "\"add_subtract_calc/Preview Content\"";
				ENABLE_PREVIEWS = YES;
				GENERATE_INFOPLIST_FILE = YES;
				INFOPLIST_KEY_NSHumanReadableCopyright = "";
				LD_RUNPATH_SEARCH_PATHS = (
					"$(inherited)",
					"@executable_path/../Frameworks",
				);
				MARKETING_VERSION = 1.0;
				PRODUCT_BUNDLE_IDENTIFIER = "trotopype.add-subtract-calc";
				PRODUCT_NAME = "$(TARGET_NAME)";
				SWIFT_EMIT_LOC_STRINGS = YES;
				SWIFT_VERSION = 5.0;
			};
			name = Release;
		};
		29188AB72BF1A1E6004D592B /* Debug */ = {
			isa = XCBuildConfiguration;
			buildSettings = {
				ALWAYS_EMBED_SWIFT_STANDARD_LIBRARIES = YES;
				BUNDLE_LOADER = "$(TEST_HOST)";
				CODE_SIGN_STYLE = Automatic;
				CURRENT_PROJECT_VERSION = 1;
				GENERATE_INFOPLIST_FILE = YES;
				MACOSX_DEPLOYMENT_TARGET = 14.4;
				MARKETING_VERSION = 1.0;
				PRODUCT_BUNDLE_IDENTIFIER = "trotopype.add-subtract-calcTests";
				PRODUCT_NAME = "$(TARGET_NAME)";
				SWIFT_EMIT_LOC_STRINGS = NO;
				SWIFT_VERSION = 5.0;
				TEST_HOST = "$(BUILT_PRODUCTS_DIR)/add_subtract_calc.app/$(BUNDLE_EXECUTABLE_FOLDER_PATH)/add_subtract_calc";
			};
			name = Debug;
		};
		29188AB82BF1A1E6004D592B /* Release */ = {
			isa = XCBuildConfiguration;
			buildSettings = {
				ALWAYS_EMBED_SWIFT_STANDARD_LIBRARIES = YES;
				BUNDLE_LOADER = "$(TEST_HOST)";
				CODE_SIGN_STYLE = Automatic;
				CURRENT_PROJECT_VERSION = 1;
				GENERATE_INFOPLIST_FILE = YES;
				MACOSX_DEPLOYMENT_TARGET = 14.4;
				MARKETING_VERSION = 1.0;
				PRODUCT_BUNDLE_IDENTIFIER = "trotopype.add-subtract-calcTests";
				PRODUCT_NAME = "$(TARGET_NAME)";
				SWIFT_EMIT_LOC_STRINGS = NO;
				SWIFT_VERSION = 5.0;
				TEST_HOST = "$(BUILT_PRODUCTS_DIR)/add_subtract_calc.app/$(BUNDLE_EXECUTABLE_FOLDER_PATH)/add_subtract_calc";
			};
			name = Release;
		};
		29188ABA2BF1A1E6004D592B /* Debug */ = {
			isa = XCBuildConfiguration;
			buildSettings = {
				ALWAYS_EMBED_SWIFT_STANDARD_LIBRARIES = YES;
				CODE_SIGN_STYLE = Automatic;
				CURRENT_PROJECT_VERSION = 1;
				GENERATE_INFOPLIST_FILE = YES;
				MARKETING_VERSION = 1.0;
				PRODUCT_BUNDLE_IDENTIFIER = "trotopype.add-subtract-calcUITests";
				PRODUCT_NAME = "$(TARGET_NAME)";
				SWIFT_EMIT_LOC_STRINGS = NO;
				SWIFT_VERSION = 5.0;
				TEST_TARGET_NAME = add_subtract_calc;
			};
			name = Debug;
		};
		29188ABB2BF1A1E6004D592B /* Release */ = {
			isa = XCBuildConfiguration;
			buildSettings = {
				ALWAYS_EMBED_SWIFT_STANDARD_LIBRARIES = YES;
				CODE_SIGN_STYLE = Automatic;
				CURRENT_PROJECT_VERSION = 1;
				GENERATE_INFOPLIST_FILE = YES;
				MARKETING_VERSION = 1.0;
				PRODUCT_BUNDLE_IDENTIFIER = "trotopype.add-subtract-calcUITests";
				PRODUCT_NAME = "$(TARGET_NAME)";
				SWIFT_EMIT_LOC_STRINGS = NO;
				SWIFT_VERSION = 5.0;
				TEST_TARGET_NAME = add_subtract_calc;
			};
			name = Release;
		};
/* End XCBuildConfiguration section */

/* Begin XCConfigurationList section */
		29188A892BF1A1DD004D592B /* Build configuration list for PBXProject "add_subtract_calc" */ = {
			isa = XCConfigurationList;
			buildConfigurations = (
				29188AB12BF1A1E6004D592B /* Debug */,
				29188AB22BF1A1E6004D592B /* Release */,
			);
			defaultConfigurationIsVisible = 0;
			defaultConfigurationName = Release;
		};
		29188AB32BF1A1E6004D592B /* Build configuration list for PBXNativeTarget "add_subtract_calc" */ = {
			isa = XCConfigurationList;
			buildConfigurations = (
				29188AB42BF1A1E6004D592B /* Debug */,
				29188AB52BF1A1E6004D592B /* Release */,
			);
			defaultConfigurationIsVisible = 0;
			defaultConfigurationName = Release;
		};
		29188AB62BF1A1E6004D592B /* Build configuration list for PBXNativeTarget "add_subtract_calcTests" */ = {
			isa = XCConfigurationList;
			buildConfigurations = (
				29188AB72BF1A1E6004D592B /* Debug */,
				29188AB82BF1A1E6004D592B /* Release */,
			);
			defaultConfigurationIsVisible = 0;
			defaultConfigurationName = Release;
		};
		29188AB92BF1A1E6004D592B /* Build configuration list for PBXNativeTarget "add_subtract_calcUITests" */ = {
			isa = XCConfigurationList;
			buildConfigurations = (
				29188ABA2BF1A1E6004D592B /* Debug */,
				29188ABB2BF1A1E6004D592B /* Release */,
			);
			defaultConfigurationIsVisible = 0;
			defaultConfigurationName = Release;
		};
/* End XCConfigurationList section */
	};
	rootObject = 29188A862BF1A1DD004D592B /* Project object */;
}
